{
  "originHash" : "db60d504d07f050c8d275fa76f91692715b9fbac6c5480d20d87c20316892376",
  "pins" : [
    {
      "identity" : "grdb.swift",
      "kind" : "remoteSourceControl",
      "location" : "https://github.com/groue/GRDB.swift.git",
      "state" : {
        "revision" : "2cf6c756e1e5ef6901ebae16576a7e4e4b834622",
        "version" : "6.29.3"
      }
    },
    {
      "identity" : "maplibre-gl-native-distribution",
      "kind" : "remoteSourceControl",
      "location" : "https://github.com/maplibre/maplibre-gl-native-distribution.git",
      "state" : {
        "revision" : "84a79bc375a301169390ac110c868f06c857b83f",
        "version" : "6.27.0"
      }
    },
    {
      "identity" : "supabase-swift",
      "kind" : "remoteSourceControl",
      "location" : "https://github.com/supabase/supabase-swift.git",
      "state" : {
        "revision" : "a4e684d979f4a5fa017ebd9d5f635a4bc03830fb",
        "version" : "2.47.0"
      }
    },
    {
      "identity" : "swift-asn1",
      "kind" : "remoteSourceControl",
      "location" : "https://github.com/apple/swift-asn1.git",
      "state" : {
        "revision" : "a9a5efd40eaf558a2bcd48d64b1d1646be686008",
        "version" : "1.7.1"
      }
    },
    {
      "identity" : "swift-clocks",
      "kind" : "remoteSourceControl",
      "location" : "https://github.com/pointfreeco/swift-clocks",
      "state" : {
        "revision" : "cc46202b53476d64e824e0b6612da09d84ffde8e",
        "version" : "1.0.6"
      }
    },
    {
      "identity" : "swift-concurrency-extras",
      "kind" : "remoteSourceControl",
      "location" : "https://github.com/pointfreeco/swift-concurrency-extras",
      "state" : {
        "revision" : "a90e2e40a7a840a853dd29e57cbef5dbb72c9d5b",
        "version" : "1.4.0"
      }
    },
    {
      "identity" : "swift-crypto",
      "kind" : "remoteSourceControl",
      "location" : "https://github.com/apple/swift-crypto.git",
      "state" : {
        "revision" : "1b6b2e274e85105bfa155183145a1dcfd63331f1",
        "version" : "4.5.0"
      }
    },
    {
      "identity" : "swift-http-types",
      "kind" : "remoteSourceControl",
      "location" : "https://github.com/apple/swift-http-types.git",
      "state" : {
        "revision" : "db774a277f60063a32d854f2980299caf06da041",
        "version" : "1.6.0"
      }
    },
    {
      "identity" : "swift-syntax",
      "kind" : "remoteSourceControl",
      "location" : "https://github.com/swiftlang/swift-syntax.git",
      "state" : {
        "revision" : "4799286537280063c85a32f09884cfbca301b1a1",
        "version" : "602.0.0"
      }
    },
    {
      "identity" : "swiftui-dsl",
      "kind" : "remoteSourceControl",
      "location" : "https://github.com/maplibre/swiftui-dsl.git",
      "state" : {
        "revision" : "139e83d1487f29b42a4f5db2458594170f0ff7e3",
        "version" : "0.25.0"
      }
    },
    {
      "identity" : "xctest-dynamic-overlay",
      "kind" : "remoteSourceControl",
      "location" : "https://github.com/pointfreeco/xctest-dynamic-overlay",
      "state" : {
        "revision" : "dfd70507def84cb5fb821278448a262c6ff2bbad",
        "version" : "1.9.0"
      }
    }
  ],
  "version" : 3
}
